// !$*UTF8*$!
{
	archiveVersion = 1;
	classes = {
	};
	objectVersion = 56;
	objects = {

/* Begin PBXBuildFile section */
		C5102C3B2BC737C5007730B7 /* Color.swift in Sources */ = {isa = PBXBuildFile; fileRef = C5102C3A2BC737C5007730B7 /* Color.swift */; };
		C5102C412BC73CB4007730B7 /* HomeView.swift in Sources */ = {isa = PBXBuildFile; fileRef = C5102C402BC73CB4007730B7 /* HomeView.swift */; };
		C5102C472BC73E6C007730B7 /* CircleButtonView.swift in Sources */ = {isa = PBXBuildFile; fileRef = C5102C462BC73E6C007730B7 /* CircleButtonView.swift */; };
		C5102C492BC745EF007730B7 /* CircleButtonAnimationView.swift in Sources */ = {isa = PBXBuildFile; fileRef = C5102C482BC745EF007730B7 /* CircleButtonAnimationView.swift */; };
		C52EE3282BC5D8D4000D246A /* CryptoFlowApp.swift in Sources */ = {isa = PBXBuildFile; fileRef = C52EE3272BC5D8D4000D246A /* CryptoFlowApp.swift */; };
		C52EE32A2BC5D8D4000D246A /* ContentView.swift in Sources */ = {isa = PBXBuildFile; fileRef = C52EE3292BC5D8D4000D246A /* ContentView.swift */; };
		C52EE32C2BC5D8D7000D246A /* Assets.xcassets in Resources */ = {isa = PBXBuildFile; fileRef = C52EE32B2BC5D8D7000D246A /* Assets.xcassets */; };
		C52EE32F2BC5D8D7000D246A /* Preview Assets.xcassets in Resources */ = {isa = PBXBuildFile; fileRef = C52EE32E2BC5D8D7000D246A /* Preview Assets.xcassets */; };
		C52EE3342BC5D8D7000D246A /* CryptoFlow.xcdatamodeld in Sources */ = {isa = PBXBuildFile; fileRef = C52EE3322BC5D8D7000D246A /* CryptoFlow.xcdatamodeld */; };
		C587D1562BCC740A004628AC /* CoinModel.swift in Sources */ = {isa = PBXBuildFile; fileRef = C587D1552BCC740A004628AC /* CoinModel.swift */; };
		C587D1582BCC82EE004628AC /* CoinRowView.swift in Sources */ = {isa = PBXBuildFile; fileRef = C587D1572BCC82EE004628AC /* CoinRowView.swift */; };
		C587D15A2BCC83C4004628AC /* PreviewProvider.swift in Sources */ = {isa = PBXBuildFile; fileRef = C587D1592BCC83C4004628AC /* PreviewProvider.swift */; };
		C587D15C2BCC882D004628AC /* Double.swift in Sources */ = {isa = PBXBuildFile; fileRef = C587D15B2BCC882D004628AC /* Double.swift */; };
/* End PBXBuildFile section */

/* Begin PBXFileReference section */
		C5102C3A2BC737C5007730B7 /* Color.swift */ = {isa = PBXFileReference; lastKnownFileType = sourcecode.swift; path = Color.swift; sourceTree = "<group>"; };
		C5102C402BC73CB4007730B7 /* HomeView.swift */ = {isa = PBXFileReference; lastKnownFileType = sourcecode.swift; path = HomeView.swift; sourceTree = "<group>"; };
		C5102C462BC73E6C007730B7 /* CircleButtonView.swift */ = {isa = PBXFileReference; lastKnownFileType = sourcecode.swift; path = CircleButtonView.swift; sourceTree = "<group>"; };
		C5102C482BC745EF007730B7 /* CircleButtonAnimationView.swift */ = {isa = PBXFileReference; lastKnownFileType = sourcecode.swift; path = CircleButtonAnimationView.swift; sourceTree = "<group>"; };
		C52EE3242BC5D8D4000D246A /* CryptoFlow.app */ = {isa = PBXFileReference; explicitFileType = wrapper.application; includeInIndex = 0; path = CryptoFlow.app; sourceTree = BUILT_PRODUCTS_DIR; };
		C52EE3272BC5D8D4000D246A /* CryptoFlowApp.swift */ = {isa = PBXFileReference; lastKnownFileType = sourcecode.swift; path = CryptoFlowApp.swift; sourceTree = "<group>"; };
		C52EE3292BC5D8D4000D246A /* ContentView.swift */ = {isa = PBXFileReference; lastKnownFileType = sourcecode.swift; path = ContentView.swift; sourceTree = "<group>"; };
		C52EE32B2BC5D8D7000D246A /* Assets.xcassets */ = {isa = PBXFileReference; lastKnownFileType = folder.assetcatalog; path = Assets.xcassets; sourceTree = "<group>"; };
		C52EE32E2BC5D8D7000D246A /* Preview Assets.xcassets */ = {isa = PBXFileReference; lastKnownFileType = folder.assetcatalog; path = "Preview Assets.xcassets"; sourceTree = "<group>"; };
		C52EE3332BC5D8D7000D246A /* CryptoFlow.xcdatamodel */ = {isa = PBXFileReference; lastKnownFileType = wrapper.xcdatamodel; path = CryptoFlow.xcdatamodel; sourceTree = "<group>"; };
		C587D1552BCC740A004628AC /* CoinModel.swift */ = {isa = PBXFileReference; lastKnownFileType = sourcecode.swift; path = CoinModel.swift; sourceTree = "<group>"; };
		C587D1572BCC82EE004628AC /* CoinRowView.swift */ = {isa = PBXFileReference; lastKnownFileType = sourcecode.swift; path = CoinRowView.swift; sourceTree = "<group>"; };
		C587D1592BCC83C4004628AC /* PreviewProvider.swift */ = {isa = PBXFileReference; lastKnownFileType = sourcecode.swift; path = PreviewProvider.swift; sourceTree = "<group>"; };
		C587D15B2BCC882D004628AC /* Double.swift */ = {isa = PBXFileReference; lastKnownFileType = sourcecode.swift; path = Double.swift; sourceTree = "<group>"; };
/* End PBXFileReference section */

/* Begin PBXFrameworksBuildPhase section */
		C52EE3212BC5D8D4000D246A /* Frameworks */ = {
			isa = PBXFrameworksBuildPhase;
			buildActionMask = 2147483647;
			files = (
			);
			runOnlyForDeploymentPostprocessing = 0;
		};
/* End PBXFrameworksBuildPhase section */

/* Begin PBXGroup section */
		C5102C392BC737B5007730B7 /* Extensions */ = {
			isa = PBXGroup;
			children = (
				C5102C3A2BC737C5007730B7 /* Color.swift */,
				C587D1592BCC83C4004628AC /* PreviewProvider.swift */,
				C587D15B2BCC882D004628AC /* Double.swift */,
			);
			path = Extensions;
			sourceTree = "<group>";
		};
		C5102C3C2BC73C85007730B7 /* Core */ = {
			isa = PBXGroup;
			children = (
				C5102C422BC73E14007730B7 /* Components */,
				C5102C3D2BC73C92007730B7 /* Home */,
			);
			path = Core;
			sourceTree = "<group>";
		};
		C5102C3D2BC73C92007730B7 /* Home */ = {
			isa = PBXGroup;
			children = (
				C5102C3F2BC73CA3007730B7 /* ViewModels */,
				C5102C3E2BC73C9E007730B7 /* Views */,
			);
			path = Home;
			sourceTree = "<group>";
		};
		C5102C3E2BC73C9E007730B7 /* Views */ = {
			isa = PBXGroup;
			children = (
				C5102C402BC73CB4007730B7 /* HomeView.swift */,
				C587D1572BCC82EE004628AC /* CoinRowView.swift */,
			);
			path = Views;
			sourceTree = "<group>";
		};
		C5102C3F2BC73CA3007730B7 /* ViewModels */ = {
			isa = PBXGroup;
			children = (
			);
			path = ViewModels;
			sourceTree = "<group>";
		};
		C5102C422BC73E14007730B7 /* Components */ = {
			isa = PBXGroup;
			children = (
				C5102C432BC73E28007730B7 /* CircleButton */,
			);
			path = Components;
			sourceTree = "<group>";
		};
		C5102C432BC73E28007730B7 /* CircleButton */ = {
			isa = PBXGroup;
			children = (
				C5102C462BC73E6C007730B7 /* CircleButtonView.swift */,
				C5102C482BC745EF007730B7 /* CircleButtonAnimationView.swift */,
			);
			path = CircleButton;
			sourceTree = "<group>";
		};
		C52EE31B2BC5D8D4000D246A = {
			isa = PBXGroup;
			children = (
				C52EE3262BC5D8D4000D246A /* CryptoFlow */,
				C52EE3252BC5D8D4000D246A /* Products */,
			);
			sourceTree = "<group>";
		};
		C52EE3252BC5D8D4000D246A /* Products */ = {
			isa = PBXGroup;
			children = (
				C52EE3242BC5D8D4000D246A /* CryptoFlow.app */,
			);
			name = Products;
			sourceTree = "<group>";
		};
		C52EE3262BC5D8D4000D246A /* CryptoFlow */ = {
			isa = PBXGroup;
			children = (
				C52EE3272BC5D8D4000D246A /* CryptoFlowApp.swift */,
				C5102C392BC737B5007730B7 /* Extensions */,
				C587D1542BCC73EE004628AC /* Models */,
				C5102C3C2BC73C85007730B7 /* Core */,
				C52EE3292BC5D8D4000D246A /* ContentView.swift */,
				C52EE32B2BC5D8D7000D246A /* Assets.xcassets */,
				C52EE3322BC5D8D7000D246A /* CryptoFlow.xcdatamodeld */,
				C52EE32D2BC5D8D7000D246A /* Preview Content */,
			);
			path = CryptoFlow;
			sourceTree = "<group>";
		};
		C52EE32D2BC5D8D7000D246A /* Preview Content */ = {
			isa = PBXGroup;
			children = (
				C52EE32E2BC5D8D7000D246A /* Preview Assets.xcassets */,
			);
			path = "Preview Content";
			sourceTree = "<group>";
		};
		C587D1542BCC73EE004628AC /* Models */ = {
			isa = PBXGroup;
			children = (
				C587D1552BCC740A004628AC /* CoinModel.swift */,
			);
			path = Models;
			sourceTree = "<group>";
		};
/* End PBXGroup section */

/* Begin PBXNativeTarget section */
		C52EE3232BC5D8D4000D246A /* CryptoFlow */ = {
			isa = PBXNativeTarget;
			buildConfigurationList = C52EE3372BC5D8D7000D246A /* Build configuration list for PBXNativeTarget "CryptoFlow" */;
			buildPhases = (
				C52EE3202BC5D8D4000D246A /* Sources */,
				C52EE3212BC5D8D4000D246A /* Frameworks */,
				C52EE3222BC5D8D4000D246A /* Resources */,
			);
			buildRules = (
			);
			dependencies = (
			);
			name = CryptoFlow;
			productName = CryptoFlow;
			productReference = C52EE3242BC5D8D4000D246A /* CryptoFlow.app */;
			productType = "com.apple.product-type.application";
		};
/* End PBXNativeTarget section */

/* Begin PBXProject section */
		C52EE31C2BC5D8D4000D246A /* Project object */ = {
			isa = PBXProject;
			attributes = {
				BuildIndependentTargetsInParallel = 1;
				LastSwiftUpdateCheck = 1400;
				LastUpgradeCheck = 1400;
				TargetAttributes = {
					C52EE3232BC5D8D4000D246A = {
						CreatedOnToolsVersion = 14.0;
					};
				};
			};
			buildConfigurationList = C52EE31F2BC5D8D4000D246A /* Build configuration list for PBXProject "CryptoFlow" */;
			compatibilityVersion = "Xcode 14.0";
			developmentRegion = en;
			hasScannedForEncodings = 0;
			knownRegions = (
				en,
				Base,
			);
			mainGroup = C52EE31B2BC5D8D4000D246A;
			productRefGroup = C52EE3252BC5D8D4000D246A /* Products */;
			projectDirPath = "";
			projectRoot = "";
			targets = (
				C52EE3232BC5D8D4000D246A /* CryptoFlow */,
			);
		};
/* End PBXProject section */

/* Begin PBXResourcesBuildPhase section */
		C52EE3222BC5D8D4000D246A /* Resources */ = {
			isa = PBXResourcesBuildPhase;
			buildActionMask = 2147483647;
			files = (
				C52EE32F2BC5D8D7000D246A /* Preview Assets.xcassets in Resources */,
				C52EE32C2BC5D8D7000D246A /* Assets.xcassets in Resources */,
			);
			runOnlyForDeploymentPostprocessing = 0;
		};
/* End PBXResourcesBuildPhase section */

/* Begin PBXSourcesBuildPhase section */
		C52EE3202BC5D8D4000D246A /* Sources */ = {
			isa = PBXSourcesBuildPhase;
			buildActionMask = 2147483647;
			files = (
				C587D1582BCC82EE004628AC /* CoinRowView.swift in Sources */,
				C5102C472BC73E6C007730B7 /* CircleButtonView.swift in Sources */,
				C5102C492BC745EF007730B7 /* CircleButtonAnimationView.swift in Sources */,
				C52EE3342BC5D8D7000D246A /* CryptoFlow.xcdatamodeld in Sources */,
				C52EE32A2BC5D8D4000D246A /* ContentView.swift in Sources */,
				C587D1562BCC740A004628AC /* CoinModel.swift in Sources */,
				C5102C412BC73CB4007730B7 /* HomeView.swift in Sources */,
				C5102C3B2BC737C5007730B7 /* Color.swift in Sources */,
				C52EE3282BC5D8D4000D246A /* CryptoFlowApp.swift in Sources */,
				C587D15C2BCC882D004628AC /* Double.swift in Sources */,
				C587D15A2BCC83C4004628AC /* PreviewProvider.swift in Sources */,
			);
			runOnlyForDeploymentPostprocessing = 0;
		};
/* End PBXSourcesBuildPhase section */

/* Begin XCBuildConfiguration section */
		C52EE3352BC5D8D7000D246A /* Debug */ = {
			isa = XCBuildConfiguration;
			buildSettings = {
				ALWAYS_SEARCH_USER_PATHS = NO;
				CLANG_ANALYZER_NONNULL = YES;
				CLANG_ANALYZER_NUMBER_OBJECT_CONVERSION = YES_AGGRESSIVE;
				CLANG_CXX_LANGUAGE_STANDARD = "gnu++20";
				CLANG_ENABLE_MODULES = YES;
				CLANG_ENABLE_OBJC_ARC = YES;
				CLANG_ENABLE_OBJC_WEAK = YES;
				CLANG_WARN_BLOCK_CAPTURE_AUTORELEASING = YES;
				CLANG_WARN_BOOL_CONVERSION = YES;
				CLANG_WARN_COMMA = YES;
				CLANG_WARN_CONSTANT_CONVERSION = YES;
				CLANG_WARN_DEPRECATED_OBJC_IMPLEMENTATIONS = YES;
				CLANG_WARN_DIRECT_OBJC_ISA_USAGE = YES_ERROR;
				CLANG_WARN_DOCUMENTATION_COMMENTS = YES;
				CLANG_WARN_EMPTY_BODY = YES;
				CLANG_WARN_ENUM_CONVERSION = YES;
				CLANG_WARN_INFINITE_RECURSION = YES;
				CLANG_WARN_INT_CONVERSION = YES;
				CLANG_WARN_NON_LITERAL_NULL_CONVERSION = YES;
				CLANG_WARN_OBJC_IMPLICIT_RETAIN_SELF = YES;
				CLANG_WARN_OBJC_LITERAL_CONVERSION = YES;
				CLANG_WARN_OBJC_ROOT_CLASS = YES_ERROR;
				CLANG_WARN_QUOTED_INCLUDE_IN_FRAMEWORK_HEADER = YES;
				CLANG_WARN_RANGE_LOOP_ANALYSIS = YES;
				CLANG_WARN_STRICT_PROTOTYPES = YES;
				CLANG_WARN_SUSPICIOUS_MOVE = YES;
				CLANG_WARN_UNGUARDED_AVAILABILITY = YES_AGGRESSIVE;
				CLANG_WARN_UNREACHABLE_CODE = YES;
				CLANG_WARN__DUPLICATE_METHOD_MATCH = YES;
				COPY_PHASE_STRIP = NO;
				DEBUG_INFORMATION_FORMAT = dwarf;
				ENABLE_STRICT_OBJC_MSGSEND = YES;
				ENABLE_TESTABILITY = YES;
				GCC_C_LANGUAGE_STANDARD = gnu11;
				GCC_DYNAMIC_NO_PIC = NO;
				GCC_NO_COMMON_BLOCKS = YES;
				GCC_OPTIMIZATION_LEVEL = 0;
				GCC_PREPROCESSOR_DEFINITIONS = (
					"DEBUG=1",
					"$(inherited)",
				);
				GCC_WARN_64_TO_32_BIT_CONVERSION = YES;
				GCC_WARN_ABOUT_RETURN_TYPE = YES_ERROR;
				GCC_WARN_UNDECLARED_SELECTOR = YES;
				GCC_WARN_UNINITIALIZED_AUTOS = YES_AGGRESSIVE;
				GCC_WARN_UNUSED_FUNCTION = YES;
				GCC_WARN_UNUSED_VARIABLE = YES;
				IPHONEOS_DEPLOYMENT_TARGET = 16.0;
				MTL_ENABLE_DEBUG_INFO = INCLUDE_SOURCE;
				MTL_FAST_MATH = YES;
				ONLY_ACTIVE_ARCH = YES;
				SDKROOT = iphoneos;
				SWIFT_ACTIVE_COMPILATION_CONDITIONS = DEBUG;
				SWIFT_OPTIMIZATION_LEVEL = "-Onone";
			};
			name = Debug;
		};
		C52EE3362BC5D8D7000D246A /* Release */ = {
			isa = XCBuildConfiguration;
			buildSettings = {
				ALWAYS_SEARCH_USER_PATHS = NO;
				CLANG_ANALYZER_NONNULL = YES;
				CLANG_ANALYZER_NUMBER_OBJECT_CONVERSION = YES_AGGRESSIVE;
				CLANG_CXX_LANGUAGE_STANDARD = "gnu++20";
				CLANG_ENABLE_MODULES = YES;
				CLANG_ENABLE_OBJC_ARC = YES;
				CLANG_ENABLE_OBJC_WEAK = YES;
				CLANG_WARN_BLOCK_CAPTURE_AUTORELEASING = YES;
				CLANG_WARN_BOOL_CONVERSION = YES;
				CLANG_WARN_COMMA = YES;
				CLANG_WARN_CONSTANT_CONVERSION = YES;
				CLANG_WARN_DEPRECATED_OBJC_IMPLEMENTATIONS = YES;
				CLANG_WARN_DIRECT_OBJC_ISA_USAGE = YES_ERROR;
				CLANG_WARN_DOCUMENTATION_COMMENTS = YES;
				CLANG_WARN_EMPTY_BODY = YES;
				CLANG_WARN_ENUM_CONVERSION = YES;
				CLANG_WARN_INFINITE_RECURSION = YES;
				CLANG_WARN_INT_CONVERSION = YES;
				CLANG_WARN_NON_LITERAL_NULL_CONVERSION = YES;
				CLANG_WARN_OBJC_IMPLICIT_RETAIN_SELF = YES;
				CLANG_WARN_OBJC_LITERAL_CONVERSION = YES;
				CLANG_WARN_OBJC_ROOT_CLASS = YES_ERROR;
				CLANG_WARN_QUOTED_INCLUDE_IN_FRAMEWORK_HEADER = YES;
				CLANG_WARN_RANGE_LOOP_ANALYSIS = YES;
				CLANG_WARN_STRICT_PROTOTYPES = YES;
				CLANG_WARN_SUSPICIOUS_MOVE = YES;
				CLANG_WARN_UNGUARDED_AVAILABILITY = YES_AGGRESSIVE;
				CLANG_WARN_UNREACHABLE_CODE = YES;
				CLANG_WARN__DUPLICATE_METHOD_MATCH = YES;
				COPY_PHASE_STRIP = NO;
				DEBUG_INFORMATION_FORMAT = "dwarf-with-dsym";
				ENABLE_NS_ASSERTIONS = NO;
				ENABLE_STRICT_OBJC_MSGSEND = YES;
				GCC_C_LANGUAGE_STANDARD = gnu11;
				GCC_NO_COMMON_BLOCKS = YES;
				GCC_WARN_64_TO_32_BIT_CONVERSION = YES;
				GCC_WARN_ABOUT_RETURN_TYPE = YES_ERROR;
				GCC_WARN_UNDECLARED_SELECTOR = YES;
				GCC_WARN_UNINITIALIZED_AUTOS = YES_AGGRESSIVE;
				GCC_WARN_UNUSED_FUNCTION = YES;
				GCC_WARN_UNUSED_VARIABLE = YES;
				IPHONEOS_DEPLOYMENT_TARGET = 16.0;
				MTL_ENABLE_DEBUG_INFO = NO;
				MTL_FAST_MATH = YES;
				SDKROOT = iphoneos;
				SWIFT_COMPILATION_MODE = wholemodule;
				SWIFT_OPTIMIZATION_LEVEL = "-O";
				VALIDATE_PRODUCT = YES;
			};
			name = Release;
		};
		C52EE3382BC5D8D7000D246A /* Debug */ = {
			isa = XCBuildConfiguration;
			buildSettings = {
				ASSETCATALOG_COMPILER_APPICON_NAME = AppIcon;
				ASSETCATALOG_COMPILER_GLOBAL_ACCENT_COLOR_NAME = AccentColor;
				CODE_SIGN_STYLE = Automatic;
				CURRENT_PROJECT_VERSION = 1;
				DEVELOPMENT_ASSET_PATHS = "\"CryptoFlow/Preview Content\"";
				DEVELOPMENT_TEAM = 5Q9R552X69;
				ENABLE_PREVIEWS = YES;
				GENERATE_INFOPLIST_FILE = YES;
				INFOPLIST_KEY_CFBundleDisplayName = "Crypto Flow";
				INFOPLIST_KEY_UIApplicationSceneManifest_Generation = YES;
				INFOPLIST_KEY_UIApplicationSupportsIndirectInputEvents = YES;
				INFOPLIST_KEY_UILaunchScreen_Generation = YES;
				INFOPLIST_KEY_UISupportedInterfaceOrientations = UIInterfaceOrientationPortrait;
				LD_RUNPATH_SEARCH_PATHS = (
					"$(inherited)",
					"@executable_path/Frameworks",
				);
				MARKETING_VERSION = 1.0;
				PRODUCT_BUNDLE_IDENTIFIER = com.ahmetcankacar.CryptoFlow;
				PRODUCT_NAME = "$(TARGET_NAME)";
				SUPPORTED_PLATFORMS = "iphoneos iphonesimulator";
				SUPPORTS_MACCATALYST = NO;
				SUPPORTS_MAC_DESIGNED_FOR_IPHONE_IPAD = NO;
				SWIFT_EMIT_LOC_STRINGS = YES;
				SWIFT_VERSION = 5.0;
				TARGETED_DEVICE_FAMILY = "1,2";
			};
			name = Debug;
		};
		C52EE3392BC5D8D7000D246A /* Release */ = {
			isa = XCBuildConfiguration;
			buildSettings = {
				ASSETCATALOG_COMPILER_APPICON_NAME = AppIcon;
				ASSETCATALOG_COMPILER_GLOBAL_ACCENT_COLOR_NAME = AccentColor;
				CODE_SIGN_STYLE = Automatic;
				CURRENT_PROJECT_VERSION = 1;
				DEVELOPMENT_ASSET_PATHS = "\"CryptoFlow/Preview Content\"";
				DEVELOPMENT_TEAM = 5Q9R552X69;
				ENABLE_PREVIEWS = YES;
				GENERATE_INFOPLIST_FILE = YES;
				INFOPLIST_KEY_CFBundleDisplayName = "Crypto Flow";
				INFOPLIST_KEY_UIApplicationSceneManifest_Generation = YES;
				INFOPLIST_KEY_UIApplicationSupportsIndirectInputEvents = YES;
				INFOPLIST_KEY_UILaunchScreen_Generation = YES;
				INFOPLIST_KEY_UISupportedInterfaceOrientations = UIInterfaceOrientationPortrait;
				LD_RUNPATH_SEARCH_PATHS = (
					"$(inherited)",
					"@executable_path/Frameworks",
				);
				MARKETING_VERSION = 1.0;
				PRODUCT_BUNDLE_IDENTIFIER = com.ahmetcankacar.CryptoFlow;
				PRODUCT_NAME = "$(TARGET_NAME)";
				SUPPORTED_PLATFORMS = "iphoneos iphonesimulator";
				SUPPORTS_MACCATALYST = NO;
				SUPPORTS_MAC_DESIGNED_FOR_IPHONE_IPAD = NO;
				SWIFT_EMIT_LOC_STRINGS = YES;
				SWIFT_VERSION = 5.0;
				TARGETED_DEVICE_FAMILY = "1,2";
			};
			name = Release;
		};
/* End XCBuildConfiguration section */

/* Begin XCConfigurationList section */
		C52EE31F2BC5D8D4000D246A /* Build configuration list for PBXProject "CryptoFlow" */ = {
			isa = XCConfigurationList;
			buildConfigurations = (
				C52EE3352BC5D8D7000D246A /* Debug */,
				C52EE3362BC5D8D7000D246A /* Release */,
			);
			defaultConfigurationIsVisible = 0;
			defaultConfigurationName = Release;
		};
		C52EE3372BC5D8D7000D246A /* Build configuration list for PBXNativeTarget "CryptoFlow" */ = {
			isa = XCConfigurationList;
			buildConfigurations = (
				C52EE3382BC5D8D7000D246A /* Debug */,
				C52EE3392BC5D8D7000D246A /* Release */,
			);
			defaultConfigurationIsVisible = 0;
			defaultConfigurationName = Release;
		};
/* End XCConfigurationList section */

/* Begin XCVersionGroup section */
		C52EE3322BC5D8D7000D246A /* CryptoFlow.xcdatamodeld */ = {
			isa = XCVersionGroup;
			children = (
				C52EE3332BC5D8D7000D246A /* CryptoFlow.xcdatamodel */,
			);
			currentVersion = C52EE3332BC5D8D7000D246A /* CryptoFlow.xcdatamodel */;
			path = CryptoFlow.xcdatamodeld;
			sourceTree = "<group>";
			versionGroupType = wrapper.xcdatamodel;
		};
/* End XCVersionGroup section */
	};
	rootObject = C52EE31C2BC5D8D4000D246A /* Project object */;
}
